
Microsoft Visual Studio Solution File, Format Version 12.00
# Visual Studio Version 16
VisualStudioVersion = 16.0.30114.105
MinimumVisualStudioVersion = 10.0.40219.1
Project("{8BC9CEB8-8B4A-11D0-8D11-00A0C91BC942}") = "RARE", "RARE\RARE.vcxproj", "{54DC9BC0-5339-429F-870E-269E4A485A4F}"
EndProject
Global
	GlobalSection(SolutionConfigurationPlatforms) = preSolution
		Debug|x64 = Debug|x64
		Debug|x86 = Debug|x86
		Release|x64 = Release|x64
		Release|x86 = Release|x86
	EndGlobalSection
	GlobalSection(ProjectConfigurationPlatforms) = postSolution
		{54DC9BC0-5339-429F-870E-269E4A485A4F}.Debug|x64.ActiveCfg = Debug|x64
		{54DC9BC0-5339-429F-870E-269E4A485A4F}.Debug|x64.Build.0 = Debug|x64
		{54DC9BC0-5339-429F-870E-269E4A485A4F}.Debug|x86.ActiveCfg = Debug|Win32
		{54DC9BC0-5339-429F-870E-269E4A485A4F}.Debug|x86.Build.0 = Debug|Win32
		{54DC9BC0-5339-429F-870E-269E4A485A4F}.Release|x64.ActiveCfg = Release|x64
		{54DC9BC0-5339-429F-870E-269E4A485A4F}.Release|x64.Build.0 = Release|x64
		{54DC9BC0-5339-429F-870E-269E4A485A4F}.Release|x86.ActiveCfg = Release|Win32
		{54DC9BC0-5339-429F-870E-269E4A485A4F}.Release|x86.Build.0 = Release|Win32
	EndGlobalSection
	GlobalSection(SolutionProperties) = preSolution
		HideSolutionNode = FALSE
	EndGlobalSection
	GlobalSection(ExtensibilityGlobals) = postSolution
		SolutionGuid = {74A4AA38-A727-45B5-86EA-26F0E713715E}
	EndGlobalSection
EndGlobal
